
Microsoft Visual Studio Solution File, Format Version 12.00
# Visual Studio Version 17
VisualStudioVersion = 17.5.002.0
MinimumVisualStudioVersion = 10.0.40219.1
Project("{2150E333-8FDC-42A3-9474-1A3956D46DE8}") = "fizzbuzzers", "fizzbuzzers", "{D05F0CAC-6743-4A93-AF60-1C838D05E2AD}"
EndProject
Project("{9A19103F-16F7-4668-BE54-9A1E7A4F7556}") = "CsharpFizzbuzz", "fizzbuzzers\Csharp\CsharpFizzbuzz.csproj", "{C6B46818-D1DE-4640-AF1C-B7BFBF6F4C71}"
EndProject
Global
	GlobalSection(SolutionConfigurationPlatforms) = preSolution
		Debug|Any CPU = Debug|Any CPU
		Release|Any CPU = Release|Any CPU
	EndGlobalSection
	GlobalSection(ProjectConfigurationPlatforms) = postSolution
		{C6B46818-D1DE-4640-AF1C-B7BFBF6F4C71}.Debug|Any CPU.ActiveCfg = Debug|Any CPU
		{C6B46818-D1DE-4640-AF1C-B7BFBF6F4C71}.Debug|Any CPU.Build.0 = Debug|Any CPU
		{C6B46818-D1DE-4640-AF1C-B7BFBF6F4C71}.Release|Any CPU.ActiveCfg = Release|Any CPU
		{C6B46818-D1DE-4640-AF1C-B7BFBF6F4C71}.Release|Any CPU.Build.0 = Release|Any CPU
	EndGlobalSection
	GlobalSection(SolutionProperties) = preSolution
		HideSolutionNode = FALSE
	EndGlobalSection
	GlobalSection(NestedProjects) = preSolution
		{C6B46818-D1DE-4640-AF1C-B7BFBF6F4C71} = {D05F0CAC-6743-4A93-AF60-1C838D05E2AD}
	EndGlobalSection
	GlobalSection(ExtensibilityGlobals) = postSolution
		SolutionGuid = {747EA199-A7C5-4986-908C-892D8A8A5F0E}
	EndGlobalSection
EndGlobal
